{
  "name": "intl-messages",
  "version": "0.1.0",
  "lockfileVersion": 1,
  "dependencies": {
    "intl-format-cache": {
      "version": "2.0.5",
      "resolved": "https://registry.npmjs.org/intl-format-cache/-/intl-format-cache-2.0.5.tgz",
      "integrity": "sha1-tITO/Lk1PzdPJd44mjzuoa8Y18k="
    }
  }
}
